// !$*UTF8*$!
{
	archiveVersion = 1;
	classes = {
	};
	objectVersion = 77;
	objects = {

/* Begin PBXContainerItemProxy section */
		B93543F72EC97DFB00A505FC /* PBXContainerItemProxy */ = {
			isa = PBXContainerItemProxy;
			containerPortal = B93543E12EC97DFA00A505FC /* Project object */;
			proxyType = 1;
			remoteGlobalIDString = B93543E82EC97DFA00A505FC;
			remoteInfo = "musica-player";
		};
		B93544012EC97DFB00A505FC /* PBXContainerItemProxy */ = {
			isa = PBXContainerItemProxy;
			containerPortal = B93543E12EC97DFA00A505FC /* Project object */;
			proxyType = 1;
			remoteGlobalIDString = B93543E82EC97DFA00A505FC;
			remoteInfo = "musica-player";
		};
/* End PBXContainerItemProxy section */

/* Begin PBXFileReference section */
		B93543E92EC97DFA00A505FC /* musica-player.app */ = {isa = PBXFileReference; explicitFileType = wrapper.application; includeInIndex = 0; path = "musica-player.app"; sourceTree = BUILT_PRODUCTS_DIR; };
		B93543F62EC97DFB00A505FC /* musica-playerTests.xctest */ = {isa = PBXFileReference; explicitFileType = wrapper.cfbundle; includeInIndex = 0; path = "musica-playerTests.xctest"; sourceTree = BUILT_PRODUCTS_DIR; };
		B93544002EC97DFB00A505FC /* musica-playerUITests.xctest */ = {isa = PBXFileReference; explicitFileType = wrapper.cfbundle; includeInIndex = 0; path = "musica-playerUITests.xctest"; sourceTree = BUILT_PRODUCTS_DIR; };
/* End PBXFileReference section */

/* Begin PBXFileSystemSynchronizedBuildFileExceptionSet section */
		B998E89E2EC981FB002A5BD7 /* Exceptions for "musica-playerTests" folder in "musica-playerTests" target */ = {
			isa = PBXFileSystemSynchronizedBuildFileExceptionSet;
			membershipExceptions = (
				"musica-playerUITests/musica_playerUITests.swift",
				"musica-playerUITests/musica_playerUITestsLaunchTests.swift",
			);
			target = B93543F52EC97DFB00A505FC /* musica-playerTests */;
		};
		B998E89F2EC981FB002A5BD7 /* Exceptions for "musica-playerTests" folder in "musica-playerUITests" target */ = {
			isa = PBXFileSystemSynchronizedBuildFileExceptionSet;
			membershipExceptions = (
				"musica-playerUITests/musica_playerUITests.swift",
				"musica-playerUITests/musica_playerUITestsLaunchTests.swift",
			);
			target = B93543FF2EC97DFB00A505FC /* musica-playerUITests */;
		};
/* End PBXFileSystemSynchronizedBuildFileExceptionSet section */

/* Begin PBXFileSystemSynchronizedRootGroup section */
		B93543EB2EC97DFA00A505FC /* musica-player */ = {
			isa = PBXFileSystemSynchronizedRootGroup;
			path = "musica-player";
			sourceTree = "<group>";
		};
		B93543F92EC97DFB00A505FC /* musica-playerTests */ = {
			isa = PBXFileSystemSynchronizedRootGroup;
			exceptions = (
				B998E89E2EC981FB002A5BD7 /* Exceptions for "musica-playerTests" folder in "musica-playerTests" target */,
				B998E89F2EC981FB002A5BD7 /* Exceptions for "musica-playerTests" folder in "musica-playerUITests" target */,
			);
			path = "musica-playerTests";
			sourceTree = "<group>";
		};
/* End PBXFileSystemSynchronizedRootGroup section */

/* Begin PBXFrameworksBuildPhase section */
		B93543E62EC97DFA00A505FC /* Frameworks */ = {
			isa = PBXFrameworksBuildPhase;
			buildActionMask = 2147483647;
			files = (
			);
			runOnlyForDeploymentPostprocessing = 0;
		};
		B93543F32EC97DFB00A505FC /* Frameworks */ = {
			isa = PBXFrameworksBuildPhase;
			buildActionMask = 2147483647;
			files = (
			);
			runOnlyForDeploymentPostprocessing = 0;
		};
		B93543FD2EC97DFB00A505FC /* Frameworks */ = {
			isa = PBXFrameworksBuildPhase;
			buildActionMask = 2147483647;
			files = (
			);
			runOnlyForDeploymentPostprocessing = 0;
		};
/* End PBXFrameworksBuildPhase section */

/* Begin PBXGroup section */
		B93543E02EC97DFA00A505FC = {
			isa = PBXGroup;
			children = (
				B93543EB2EC97DFA00A505FC /* musica-player */,
				B93543F92EC97DFB00A505FC /* musica-playerTests */,
				B93543EA2EC97DFA00A505FC /* Products */,
			);
			sourceTree = "<group>";
		};
		B93543EA2EC97DFA00A505FC /* Products */ = {
			isa = PBXGroup;
			children = (
				B93543E92EC97DFA00A505FC /* musica-player.app */,
				B93543F62EC97DFB00A505FC /* musica-playerTests.xctest */,
				B93544002EC97DFB00A505FC /* musica-playerUITests.xctest */,
			);
			name = Products;
			sourceTree = "<group>";
		};
/* End PBXGroup section */

/* Begin PBXNativeTarget section */
		B93543E82EC97DFA00A505FC /* musica-player */ = {
			isa = PBXNativeTarget;
			buildConfigurationList = B935440A2EC97DFB00A505FC /* Build configuration list for PBXNativeTarget "musica-player" */;
			buildPhases = (
				B93543E52EC97DFA00A505FC /* Sources */,
				B93543E62EC97DFA00A505FC /* Frameworks */,
				B93543E72EC97DFA00A505FC /* Resources */,
			);
			buildRules = (
			);
			dependencies = (
			);
			fileSystemSynchronizedGroups = (
				B93543EB2EC97DFA00A505FC /* musica-player */,
			);
			name = "musica-player";
			packageProductDependencies = (
			);
			productName = "musica-player";
			productReference = B93543E92EC97DFA00A505FC /* musica-player.app */;
			productType = "com.apple.product-type.application";
		};
		B93543F52EC97DFB00A505FC /* musica-playerTests */ = {
			isa = PBXNativeTarget;
			buildConfigurationList = B935440D2EC97DFB00A505FC /* Build configuration list for PBXNativeTarget "musica-playerTests" */;
			buildPhases = (
				B93543F22EC97DFB00A505FC /* Sources */,
				B93543F32EC97DFB00A505FC /* Frameworks */,
				B93543F42EC97DFB00A505FC /* Resources */,
			);
			buildRules = (
			);
			dependencies = (
				B93543F82EC97DFB00A505FC /* PBXTargetDependency */,
			);
			fileSystemSynchronizedGroups = (
				B93543F92EC97DFB00A505FC /* musica-playerTests */,
			);
			name = "musica-playerTests";
			packageProductDependencies = (
			);
			productName = "musica-playerTests";
			productReference = B93543F62EC97DFB00A505FC /* musica-playerTests.xctest */;
			productType = "com.apple.product-type.bundle.unit-test";
		};
		B93543FF2EC97DFB00A505FC /* musica-playerUITests */ = {
			isa = PBXNativeTarget;
			buildConfigurationList = B93544102EC97DFB00A505FC /* Build configuration list for PBXNativeTarget "musica-playerUITests" */;
			buildPhases = (
				B93543FC2EC97DFB00A505FC /* Sources */,
				B93543FD2EC97DFB00A505FC /* Frameworks */,
				B93543FE2EC97DFB00A505FC /* Resources */,
			);
			buildRules = (
			);
			dependencies = (
				B93544022EC97DFB00A505FC /* PBXTargetDependency */,
			);
			name = "musica-playerUITests";
			packageProductDependencies = (
			);
			productName = "musica-playerUITests";
			productReference = B93544002EC97DFB00A505FC /* musica-playerUITests.xctest */;
			productType = "com.apple.product-type.bundle.ui-testing";
		};
/* End PBXNativeTarget section */

/* Begin PBXProject section */
		B93543E12EC97DFA00A505FC /* Project object */ = {
			isa = PBXProject;
			attributes = {
				BuildIndependentTargetsInParallel = 1;
				LastSwiftUpdateCheck = 2610;
				LastUpgradeCheck = 2610;
				TargetAttributes = {
					B93543E82EC97DFA00A505FC = {
						CreatedOnToolsVersion = 26.1;
					};
					B93543F52EC97DFB00A505FC = {
						CreatedOnToolsVersion = 26.1;
						TestTargetID = B93543E82EC97DFA00A505FC;
					};
					B93543FF2EC97DFB00A505FC = {
						CreatedOnToolsVersion = 26.1;
						TestTargetID = B93543E82EC97DFA00A505FC;
					};
				};
			};
			buildConfigurationList = B93543E42EC97DFA00A505FC /* Build configuration list for PBXProject "musica-player" */;
			developmentRegion = en;
			hasScannedForEncodings = 0;
			knownRegions = (
				en,
				Base,
			);
			mainGroup = B93543E02EC97DFA00A505FC;
			minimizedProjectReferenceProxies = 1;
			preferredProjectObjectVersion = 77;
			productRefGroup = B93543EA2EC97DFA00A505FC /* Products */;
			projectDirPath = "";
			projectRoot = "";
			targets = (
				B93543E82EC97DFA00A505FC /* musica-player */,
				B93543F52EC97DFB00A505FC /* musica-playerTests */,
				B93543FF2EC97DFB00A505FC /* musica-playerUITests */,
			);
		};
/* End PBXProject section */

/* Begin PBXResourcesBuildPhase section */
		B93543E72EC97DFA00A505FC /* Resources */ = {
			isa = PBXResourcesBuildPhase;
			buildActionMask = 2147483647;
			files = (
			);
			runOnlyForDeploymentPostprocessing = 0;
		};
		B93543F42EC97DFB00A505FC /* Resources */ = {
			isa = PBXResourcesBuildPhase;
			buildActionMask = 2147483647;
			files = (
			);
			runOnlyForDeploymentPostprocessing = 0;
		};
		B93543FE2EC97DFB00A505FC /* Resources */ = {
			isa = PBXResourcesBuildPhase;
			buildActionMask = 2147483647;
			files = (
			);
			runOnlyForDeploymentPostprocessing = 0;
		};
/* End PBXResourcesBuildPhase section */

/* Begin PBXSourcesBuildPhase section */
		B93543E52EC97DFA00A505FC /* Sources */ = {
			isa = PBXSourcesBuildPhase;
			buildActionMask = 2147483647;
			files = (
			);
			runOnlyForDeploymentPostprocessing = 0;
		};
		B93543F22EC97DFB00A505FC /* Sources */ = {
			isa = PBXSourcesBuildPhase;
			buildActionMask = 2147483647;
			files = (
			);
			runOnlyForDeploymentPostprocessing = 0;
		};
		B93543FC2EC97DFB00A505FC /* Sources */ = {
			isa = PBXSourcesBuildPhase;
			buildActionMask = 2147483647;
			files = (
			);
			runOnlyForDeploymentPostprocessing = 0;
		};
/* End PBXSourcesBuildPhase section */

/* Begin PBXTargetDependency section */
		B93543F82EC97DFB00A505FC /* PBXTargetDependency */ = {
			isa = PBXTargetDependency;
			target = B93543E82EC97DFA00A505FC /* musica-player */;
			targetProxy = B93543F72EC97DFB00A505FC /* PBXContainerItemProxy */;
		};
		B93544022EC97DFB00A505FC /* PBXTargetDependency */ = {
			isa = PBXTargetDependency;
			target = B93543E82EC97DFA00A505FC /* musica-player */;
			targetProxy = B93544012EC97DFB00A505FC /* PBXContainerItemProxy */;
		};
/* End PBXTargetDependency section */

/* Begin XCBuildConfiguration section */
		B93544082EC97DFB00A505FC /* Debug */ = {
			isa = XCBuildConfiguration;
			buildSettings = {
				ALWAYS_SEARCH_USER_PATHS = NO;
				ASSETCATALOG_COMPILER_GENERATE_SWIFT_ASSET_SYMBOL_EXTENSIONS = YES;
				CLANG_ANALYZER_NONNULL = YES;
				CLANG_ANALYZER_NUMBER_OBJECT_CONVERSION = YES_AGGRESSIVE;
				CLANG_CXX_LANGUAGE_STANDARD = "gnu++20";
				CLANG_ENABLE_MODULES = YES;
				CLANG_ENABLE_OBJC_ARC = YES;
				CLANG_ENABLE_OBJC_WEAK = YES;
				CLANG_WARN_BLOCK_CAPTURE_AUTORELEASING = YES;
				CLANG_WARN_BOOL_CONVERSION = YES;
				CLANG_WARN_COMMA = YES;
				CLANG_WARN_CONSTANT_CONVERSION = YES;
				CLANG_WARN_DEPRECATED_OBJC_IMPLEMENTATIONS = YES;
				CLANG_WARN_DIRECT_OBJC_ISA_USAGE = YES_ERROR;
				CLANG_WARN_DOCUMENTATION_COMMENTS = YES;
				CLANG_WARN_EMPTY_BODY = YES;
				CLANG_WARN_ENUM_CONVERSION = YES;
				CLANG_WARN_INFINITE_RECURSION = YES;
				CLANG_WARN_INT_CONVERSION = YES;
				CLANG_WARN_NON_LITERAL_NULL_CONVERSION = YES;
				CLANG_WARN_OBJC_IMPLICIT_RETAIN_SELF = YES;
				CLANG_WARN_OBJC_LITERAL_CONVERSION = YES;
				CLANG_WARN_OBJC_ROOT_CLASS = YES_ERROR;
				CLANG_WARN_QUOTED_INCLUDE_IN_FRAMEWORK_HEADER = YES;
				CLANG_WARN_RANGE_LOOP_ANALYSIS = YES;
				CLANG_WARN_STRICT_PROTOTYPES = YES;
				CLANG_WARN_SUSPICIOUS_MOVE = YES;
				CLANG_WARN_UNGUARDED_AVAILABILITY = YES_AGGRESSIVE;
				CLANG_WARN_UNREACHABLE_CODE = YES;
				CLANG_WARN__DUPLICATE_METHOD_MATCH = YES;
				COPY_PHASE_STRIP = NO;
				DEBUG_INFORMATION_FORMAT = dwarf;
				ENABLE_STRICT_OBJC_MSGSEND = YES;
				ENABLE_TESTABILITY = YES;
				ENABLE_USER_SCRIPT_SANDBOXING = YES;
				GCC_C_LANGUAGE_STANDARD = gnu17;
				GCC_DYNAMIC_NO_PIC = NO;
				GCC_NO_COMMON_BLOCKS = YES;
				GCC_OPTIMIZATION_LEVEL = 0;
				GCC_PREPROCESSOR_DEFINITIONS = (
					"DEBUG=1",
					"$(inherited)",
				);
				GCC_WARN_64_TO_32_BIT_CONVERSION = YES;
				GCC_WARN_ABOUT_RETURN_TYPE = YES_ERROR;
				GCC_WARN_UNDECLARED_SELECTOR = YES;
				GCC_WARN_UNINITIALIZED_AUTOS = YES_AGGRESSIVE;
				GCC_WARN_UNUSED_FUNCTION = YES;
				GCC_WARN_UNUSED_VARIABLE = YES;
				LOCALIZATION_PREFERS_STRING_CATALOGS = YES;
				MACOSX_DEPLOYMENT_TARGET = 26.1;
				MTL_ENABLE_DEBUG_INFO = INCLUDE_SOURCE;
				MTL_FAST_MATH = YES;
				ONLY_ACTIVE_ARCH = YES;
				SDKROOT = macosx;
				SWIFT_ACTIVE_COMPILATION_CONDITIONS = "DEBUG $(inherited)";
				SWIFT_OPTIMIZATION_LEVEL = "-Onone";
			};
			name = Debug;
		};
		B93544092EC97DFB00A505FC /* Release */ = {
			isa = XCBuildConfiguration;
			buildSettings = {
				ALWAYS_SEARCH_USER_PATHS = NO;
				ASSETCATALOG_COMPILER_GENERATE_SWIFT_ASSET_SYMBOL_EXTENSIONS = YES;
				CLANG_ANALYZER_NONNULL = YES;
				CLANG_ANALYZER_NUMBER_OBJECT_CONVERSION = YES_AGGRESSIVE;
				CLANG_CXX_LANGUAGE_STANDARD = "gnu++20";
				CLANG_ENABLE_MODULES = YES;
				CLANG_ENABLE_OBJC_ARC = YES;
				CLANG_ENABLE_OBJC_WEAK = YES;
				CLANG_WARN_BLOCK_CAPTURE_AUTORELEASING = YES;
				CLANG_WARN_BOOL_CONVERSION = YES;
				CLANG_WARN_COMMA = YES;
				CLANG_WARN_CONSTANT_CONVERSION = YES;
				CLANG_WARN_DEPRECATED_OBJC_IMPLEMENTATIONS = YES;
				CLANG_WARN_DIRECT_OBJC_ISA_USAGE = YES_ERROR;
				CLANG_WARN_DOCUMENTATION_COMMENTS = YES;
				CLANG_WARN_EMPTY_BODY = YES;
				CLANG_WARN_ENUM_CONVERSION = YES;
				CLANG_WARN_INFINITE_RECURSION = YES;
				CLANG_WARN_INT_CONVERSION = YES;
				CLANG_WARN_NON_LITERAL_NULL_CONVERSION = YES;
				CLANG_WARN_OBJC_IMPLICIT_RETAIN_SELF = YES;
				CLANG_WARN_OBJC_LITERAL_CONVERSION = YES;
				CLANG_WARN_OBJC_ROOT_CLASS = YES_ERROR;
				CLANG_WARN_QUOTED_INCLUDE_IN_FRAMEWORK_HEADER = YES;
				CLANG_WARN_RANGE_LOOP_ANALYSIS = YES;
				CLANG_WARN_STRICT_PROTOTYPES = YES;
				CLANG_WARN_SUSPICIOUS_MOVE = YES;
				CLANG_WARN_UNGUARDED_AVAILABILITY = YES_AGGRESSIVE;
				CLANG_WARN_UNREACHABLE_CODE = YES;
				CLANG_WARN__DUPLICATE_METHOD_MATCH = YES;
				COPY_PHASE_STRIP = NO;
				DEBUG_INFORMATION_FORMAT = "dwarf-with-dsym";
				ENABLE_NS_ASSERTIONS = NO;
				ENABLE_STRICT_OBJC_MSGSEND = YES;
				ENABLE_USER_SCRIPT_SANDBOXING = YES;
				GCC_C_LANGUAGE_STANDARD = gnu17;
				GCC_NO_COMMON_BLOCKS = YES;
				GCC_WARN_64_TO_32_BIT_CONVERSION = YES;
				GCC_WARN_ABOUT_RETURN_TYPE = YES_ERROR;
				GCC_WARN_UNDECLARED_SELECTOR = YES;
				GCC_WARN_UNINITIALIZED_AUTOS = YES_AGGRESSIVE;
				GCC_WARN_UNUSED_FUNCTION = YES;
				GCC_WARN_UNUSED_VARIABLE = YES;
				LOCALIZATION_PREFERS_STRING_CATALOGS = YES;
				MACOSX_DEPLOYMENT_TARGET = 26.1;
				MTL_ENABLE_DEBUG_INFO = NO;
				MTL_FAST_MATH = YES;
				SDKROOT = macosx;
				SWIFT_COMPILATION_MODE = wholemodule;
			};
			name = Release;
		};
		B935440B2EC97DFB00A505FC /* Debug */ = {
			isa = XCBuildConfiguration;
			buildSettings = {
				ASSETCATALOG_COMPILER_APPICON_NAME = AppIcon;
				ASSETCATALOG_COMPILER_GLOBAL_ACCENT_COLOR_NAME = AccentColor;
				CODE_SIGN_STYLE = Automatic;
				COMBINE_HIDPI_IMAGES = YES;
				CURRENT_PROJECT_VERSION = 1;
				ENABLE_APP_SANDBOX = YES;
				ENABLE_PREVIEWS = YES;
				ENABLE_USER_SELECTED_FILES = readonly;
				GENERATE_INFOPLIST_FILE = YES;
				INFOPLIST_KEY_CFBundleDisplayName = DineMac;
				INFOPLIST_KEY_CFBundleName = DineMac;
				INFOPLIST_KEY_NSHumanReadableCopyright = "";
				LD_RUNPATH_SEARCH_PATHS = (
					"$(inherited)",
					"@executable_path/../Frameworks",
				);
				MARKETING_VERSION = 1.0;
				PRODUCT_BUNDLE_IDENTIFIER = com.dinemac.app;
				PRODUCT_NAME = "$(TARGET_NAME)";
				REGISTER_APP_GROUPS = YES;
				STRING_CATALOG_GENERATE_SYMBOLS = YES;
				SWIFT_APPROACHABLE_CONCURRENCY = YES;
				SWIFT_DEFAULT_ACTOR_ISOLATION = MainActor;
				SWIFT_EMIT_LOC_STRINGS = YES;
				SWIFT_UPCOMING_FEATURE_MEMBER_IMPORT_VISIBILITY = YES;
				SWIFT_VERSION = 5.0;
			};
			name = Debug;
		};
		B935440C2EC97DFB00A505FC /* Release */ = {
			isa = XCBuildConfiguration;
			buildSettings = {
				ASSETCATALOG_COMPILER_APPICON_NAME = AppIcon;
				ASSETCATALOG_COMPILER_GLOBAL_ACCENT_COLOR_NAME = AccentColor;
				CODE_SIGN_STYLE = Automatic;
				COMBINE_HIDPI_IMAGES = YES;
				CURRENT_PROJECT_VERSION = 1;
				ENABLE_APP_SANDBOX = YES;
				ENABLE_PREVIEWS = YES;
				ENABLE_USER_SELECTED_FILES = readonly;
				GENERATE_INFOPLIST_FILE = YES;
				INFOPLIST_KEY_CFBundleDisplayName = DineMac;
				INFOPLIST_KEY_CFBundleName = DineMac;
				INFOPLIST_KEY_NSHumanReadableCopyright = "";
				LD_RUNPATH_SEARCH_PATHS = (
					"$(inherited)",
					"@executable_path/../Frameworks",
				);
				MARKETING_VERSION = 1.0;
				PRODUCT_BUNDLE_IDENTIFIER = com.dinemac.app;
				PRODUCT_NAME = "$(TARGET_NAME)";
				REGISTER_APP_GROUPS = YES;
				STRING_CATALOG_GENERATE_SYMBOLS = YES;
				SWIFT_APPROACHABLE_CONCURRENCY = YES;
				SWIFT_DEFAULT_ACTOR_ISOLATION = MainActor;
				SWIFT_EMIT_LOC_STRINGS = YES;
				SWIFT_UPCOMING_FEATURE_MEMBER_IMPORT_VISIBILITY = YES;
				SWIFT_VERSION = 5.0;
			};
			name = Release;
		};
		B935440E2EC97DFB00A505FC /* Debug */ = {
			isa = XCBuildConfiguration;
			buildSettings = {
				BUNDLE_LOADER = "$(TEST_HOST)";
				CODE_SIGN_STYLE = Automatic;
				CURRENT_PROJECT_VERSION = 1;
				GENERATE_INFOPLIST_FILE = YES;
				MACOSX_DEPLOYMENT_TARGET = 26.1;
				MARKETING_VERSION = 1.0;
				PRODUCT_BUNDLE_IDENTIFIER = "com.yourcompany.musica-playerTests";
				PRODUCT_NAME = "$(TARGET_NAME)";
				STRING_CATALOG_GENERATE_SYMBOLS = NO;
				SWIFT_APPROACHABLE_CONCURRENCY = YES;
				SWIFT_EMIT_LOC_STRINGS = NO;
				SWIFT_UPCOMING_FEATURE_MEMBER_IMPORT_VISIBILITY = YES;
				SWIFT_VERSION = 5.0;
				TEST_HOST = "$(BUILT_PRODUCTS_DIR)/musica-player.app/$(BUNDLE_EXECUTABLE_FOLDER_PATH)/musica-player";
			};
			name = Debug;
		};
		B935440F2EC97DFB00A505FC /* Release */ = {
			isa = XCBuildConfiguration;
			buildSettings = {
				BUNDLE_LOADER = "$(TEST_HOST)";
				CODE_SIGN_STYLE = Automatic;
				CURRENT_PROJECT_VERSION = 1;
				GENERATE_INFOPLIST_FILE = YES;
				MACOSX_DEPLOYMENT_TARGET = 26.1;
				MARKETING_VERSION = 1.0;
				PRODUCT_BUNDLE_IDENTIFIER = "com.yourcompany.musica-playerTests";
				PRODUCT_NAME = "$(TARGET_NAME)";
				STRING_CATALOG_GENERATE_SYMBOLS = NO;
				SWIFT_APPROACHABLE_CONCURRENCY = YES;
				SWIFT_EMIT_LOC_STRINGS = NO;
				SWIFT_UPCOMING_FEATURE_MEMBER_IMPORT_VISIBILITY = YES;
				SWIFT_VERSION = 5.0;
				TEST_HOST = "$(BUILT_PRODUCTS_DIR)/musica-player.app/$(BUNDLE_EXECUTABLE_FOLDER_PATH)/musica-player";
			};
			name = Release;
		};
		B93544112EC97DFB00A505FC /* Debug */ = {
			isa = XCBuildConfiguration;
			buildSettings = {
				CODE_SIGN_STYLE = Automatic;
				CURRENT_PROJECT_VERSION = 1;
				GENERATE_INFOPLIST_FILE = YES;
				MARKETING_VERSION = 1.0;
				PRODUCT_BUNDLE_IDENTIFIER = "com.yourcompany.musica-playerUITests";
				PRODUCT_NAME = "$(TARGET_NAME)";
				STRING_CATALOG_GENERATE_SYMBOLS = NO;
				SWIFT_APPROACHABLE_CONCURRENCY = YES;
				SWIFT_EMIT_LOC_STRINGS = NO;
				SWIFT_UPCOMING_FEATURE_MEMBER_IMPORT_VISIBILITY = YES;
				SWIFT_VERSION = 5.0;
				TEST_TARGET_NAME = "musica-player";
			};
			name = Debug;
		};
		B93544122EC97DFB00A505FC /* Release */ = {
			isa = XCBuildConfiguration;
			buildSettings = {
				CODE_SIGN_STYLE = Automatic;
				CURRENT_PROJECT_VERSION = 1;
				GENERATE_INFOPLIST_FILE = YES;
				MARKETING_VERSION = 1.0;
				PRODUCT_BUNDLE_IDENTIFIER = "com.yourcompany.musica-playerUITests";
				PRODUCT_NAME = "$(TARGET_NAME)";
				STRING_CATALOG_GENERATE_SYMBOLS = NO;
				SWIFT_APPROACHABLE_CONCURRENCY = YES;
				SWIFT_EMIT_LOC_STRINGS = NO;
				SWIFT_UPCOMING_FEATURE_MEMBER_IMPORT_VISIBILITY = YES;
				SWIFT_VERSION = 5.0;
				TEST_TARGET_NAME = "musica-player";
			};
			name = Release;
		};
/* End XCBuildConfiguration section */

/* Begin XCConfigurationList section */
		B93543E42EC97DFA00A505FC /* Build configuration list for PBXProject "musica-player" */ = {
			isa = XCConfigurationList;
			buildConfigurations = (
				B93544082EC97DFB00A505FC /* Debug */,
				B93544092EC97DFB00A505FC /* Release */,
			);
			defaultConfigurationIsVisible = 0;
			defaultConfigurationName = Release;
		};
		B935440A2EC97DFB00A505FC /* Build configuration list for PBXNativeTarget "musica-player" */ = {
			isa = XCConfigurationList;
			buildConfigurations = (
				B935440B2EC97DFB00A505FC /* Debug */,
				B935440C2EC97DFB00A505FC /* Release */,
			);
			defaultConfigurationIsVisible = 0;
			defaultConfigurationName = Release;
		};
		B935440D2EC97DFB00A505FC /* Build configuration list for PBXNativeTarget "musica-playerTests" */ = {
			isa = XCConfigurationList;
			buildConfigurations = (
				B935440E2EC97DFB00A505FC /* Debug */,
				B935440F2EC97DFB00A505FC /* Release */,
			);
			defaultConfigurationIsVisible = 0;
			defaultConfigurationName = Release;
		};
		B93544102EC97DFB00A505FC /* Build configuration list for PBXNativeTarget "musica-playerUITests" */ = {
			isa = XCConfigurationList;
			buildConfigurations = (
				B93544112EC97DFB00A505FC /* Debug */,
				B93544122EC97DFB00A505FC /* Release */,
			);
			defaultConfigurationIsVisible = 0;
			defaultConfigurationName = Release;
		};
/* End XCConfigurationList section */
	};
	rootObject = B93543E12EC97DFA00A505FC /* Project object */;
}
